PODS:
  - SkyFloatingLabelTextField (3.8.0)

DEPENDENCIES:
  - SkyFloatingLabelTextField (~> 3.0)

SPEC REPOS:
  trunk:
    - SkyFloatingLabelTextField

SPEC CHECKSUMS:
  SkyFloatingLabelTextField: 5a338412114808e961fe2d14ea2c5452c8b6e4aa

PODFILE CHECKSUM: 9acc2d9e3fa67f316b9072af3c0ea356228e1101

COCOAPODS: 1.8.4
